{
  "name": "log-with-statusbar",
  "version": "1.1.11",
  "lockfileVersion": 1,
  "requires": true,
  "dependencies": {
    "@types/node": {
      "version": "8.10.49",
      "resolved": "https://registry.npmjs.org/@types/node/-/node-8.10.49.tgz",
      "integrity": "sha512-YX30JVx0PvSmJ3Eqr74fYLGeBxD+C7vIL20ek+GGGLJeUbVYRUW3EzyAXpIRA0K8c8o0UWqR/GwEFYiFoz1T8w=="
    },
    "ansi": {
      "version": "0.3.1",
      "resolved": "https://registry.npmjs.org/ansi/-/ansi-0.3.1.tgz",
      "integrity": "sha1-DELU+xcWDVqa8eSEus4cZpIsGyE="
    },
    "ansicolor": {
      "version": "1.1.89",
      "resolved": "https://registry.npmjs.org/ansicolor/-/ansicolor-1.1.89.tgz",
      "integrity": "sha512-W0f5aCyETrOVxQ3QID2jkhyJV0qWFazSGmwHgKu8CoEcUEnlBPdvUOziS13ci025s961l+DF+SSXbGZSD3LxJA=="
    },
    "as-table": {
      "version": "1.0.52",
      "resolved": "https://registry.npmjs.org/as-table/-/as-table-1.0.52.tgz",
      "integrity": "sha512-Lw3OjVL9BDGSrU6RoK5aTm79SnrDY0Zvucxc+oOTqZrC2Sw575IhkOTPtvpzviliL/WJaCSWzJdKFdYeI+8wFg==",
      "requires": {
        "printable-characters": "^1.0.42"
      }
    },
    "cli-color": {
      "version": "0.3.2",
      "resolved": "https://registry.npmjs.org/cli-color/-/cli-color-0.3.2.tgz",
      "integrity": "sha1-dfpfcowwjMSsWUsF4GzF2A2szYY=",
      "requires": {
        "d": "~0.1.1",
        "es5-ext": "~0.10.2",
        "memoizee": "0.3.x",
        "timers-ext": "0.1.x"
      }
    },
    "clui": {
      "version": "0.3.6",
      "resolved": "https://registry.npmjs.org/clui/-/clui-0.3.6.tgz",
      "integrity": "sha512-Z4UbgZILlIAjkEkZiDOa2aoYjohKx7fa6DxIh6cE9A6WNWZ61iXfQc6CmdC9SKdS5nO0P0UyQ+WfoXfB65e3HQ==",
      "requires": {
        "cli-color": "0.3.2"
      }
    },
    "d": {
      "version": "0.1.1",
      "resolved": "https://registry.npmjs.org/d/-/d-0.1.1.tgz",
      "integrity": "sha1-2hhMU10Y2O57oqoim5FACfrhEwk=",
      "requires": {
        "es5-ext": "~0.10.2"
      }
    },
    "data-uri-to-buffer": {
      "version": "2.0.1",
      "resolved": "https://registry.npmjs.org/data-uri-to-buffer/-/data-uri-to-buffer-2.0.1.tgz",
      "integrity": "sha512-OkVVLrerfAKZlW2ZZ3Ve2y65jgiWqBKsTfUIAFbn8nVbPcCZg6l6gikKlEYv0kXcmzqGm6mFq/Jf2vriuEkv8A==",
      "requires": {
        "@types/node": "^8.0.7"
      }
    },
    "es5-ext": {
      "version": "0.10.50",
      "resolved": "https://registry.npmjs.org/es5-ext/-/es5-ext-0.10.50.tgz",
      "integrity": "sha512-KMzZTPBkeQV/JcSQhI5/z6d9VWJ3EnQ194USTUwIYZ2ZbpN8+SGXQKt1h68EX44+qt+Fzr8DO17vnxrw7c3agw==",
      "requires": {
        "es6-iterator": "~2.0.3",
        "es6-symbol": "~3.1.1",
        "next-tick": "^1.0.0"
      }
    },
    "es6-iterator": {
      "version": "2.0.3",
      "resolved": "https://registry.npmjs.org/es6-iterator/-/es6-iterator-2.0.3.tgz",
      "integrity": "sha1-p96IkUGgWpSwhUQDstCg+/qY87c=",
      "requires": {
        "d": "1",
        "es5-ext": "^0.10.35",
        "es6-symbol": "^3.1.1"
      },
      "dependencies": {
        "d": {
          "version": "1.0.1",
          "resolved": "https://registry.npmjs.org/d/-/d-1.0.1.tgz",
          "integrity": "sha512-m62ShEObQ39CfralilEQRjH6oAMtNCV1xJyEx5LpRYUVN+EviphDgUc/F3hnYbADmkiNs67Y+3ylmlG7Lnu+FA==",
          "requires": {
            "es5-ext": "^0.10.50",
            "type": "^1.0.1"
          }
        }
      }
    },
    "es6-symbol": {
      "version": "3.1.1",
      "resolved": "https://registry.npmjs.org/es6-symbol/-/es6-symbol-3.1.1.tgz",
      "integrity": "sha1-vwDvT9q2uhtG7Le2KbTH7VcVzHc=",
      "requires": {
        "d": "1",
        "es5-ext": "~0.10.14"
      },
      "dependencies": {
        "d": {
          "version": "1.0.1",
          "resolved": "https://registry.npmjs.org/d/-/d-1.0.1.tgz",
          "integrity": "sha512-m62ShEObQ39CfralilEQRjH6oAMtNCV1xJyEx5LpRYUVN+EviphDgUc/F3hnYbADmkiNs67Y+3ylmlG7Lnu+FA==",
          "requires": {
            "es5-ext": "^0.10.50",
            "type": "^1.0.1"
          }
        }
      }
    },
    "es6-weak-map": {
      "version": "0.1.4",
      "resolved": "https://registry.npmjs.org/es6-weak-map/-/es6-weak-map-0.1.4.tgz",
      "integrity": "sha1-cGzvnpmqI2undmwjnIueKG6n0ig=",
      "requires": {
        "d": "~0.1.1",
        "es5-ext": "~0.10.6",
        "es6-iterator": "~0.1.3",
        "es6-symbol": "~2.0.1"
      },
      "dependencies": {
        "es6-iterator": {
          "version": "0.1.3",
          "resolved": "https://registry.npmjs.org/es6-iterator/-/es6-iterator-0.1.3.tgz",
          "integrity": "sha1-1vWLjE/EE8JJtLqhl2j45NfIlE4=",
          "requires": {
            "d": "~0.1.1",
            "es5-ext": "~0.10.5",
            "es6-symbol": "~2.0.1"
          }
        },
        "es6-symbol": {
          "version": "2.0.1",
          "resolved": "https://registry.npmjs.org/es6-symbol/-/es6-symbol-2.0.1.tgz",
          "integrity": "sha1-dhtcZ8/U8dGK+yNPaR1nhoLLO/M=",
          "requires": {
            "d": "~0.1.1",
            "es5-ext": "~0.10.5"
          }
        }
      }
    },
    "event-emitter": {
      "version": "0.3.5",
      "resolved": "https://registry.npmjs.org/event-emitter/-/event-emitter-0.3.5.tgz",
      "integrity": "sha1-34xp7vFkeSPHFXuc6DhAYQsCzDk=",
      "requires": {
        "d": "1",
        "es5-ext": "~0.10.14"
      },
      "dependencies": {
        "d": {
          "version": "1.0.1",
          "resolved": "https://registry.npmjs.org/d/-/d-1.0.1.tgz",
          "integrity": "sha512-m62ShEObQ39CfralilEQRjH6oAMtNCV1xJyEx5LpRYUVN+EviphDgUc/F3hnYbADmkiNs67Y+3ylmlG7Lnu+FA==",
          "requires": {
            "es5-ext": "^0.10.50",
            "type": "^1.0.1"
          }
        }
      }
    },
    "get-cursor-position": {
      "version": "1.0.5",
      "resolved": "https://registry.npmjs.org/get-cursor-position/-/get-cursor-position-1.0.5.tgz",
      "integrity": "sha1-FVjDWqBWcm6ucE1VkK6qWUWYn1o="
    },
    "get-source": {
      "version": "1.0.37",
      "resolved": "https://registry.npmjs.org/get-source/-/get-source-1.0.37.tgz",
      "integrity": "sha512-Q0YbhnCgvqFe3OTuxkNvWCM+22O4hkx7D0g8em7iFW4vmw/TiX8dhsFIaP6yRkyN9ETHgzU190L3keCg2MADtg==",
      "requires": {
        "data-uri-to-buffer": "^2.0.0",
        "source-map": "^0.6.1"
      }
    },
    "keypress": {
      "version": "0.2.1",
      "resolved": "https://registry.npmjs.org/keypress/-/keypress-0.2.1.tgz",
      "integrity": "sha1-HoBFQlABjbrUw/6USX1uZ7YmnHc="
    },
    "lru-queue": {
      "version": "0.1.0",
      "resolved": "https://registry.npmjs.org/lru-queue/-/lru-queue-0.1.0.tgz",
      "integrity": "sha1-Jzi9nw089PhEkMVzbEhpmsYyzaM=",
      "requires": {
        "es5-ext": "~0.10.2"
      }
    },
    "memoizee": {
      "version": "0.3.10",
      "resolved": "https://registry.npmjs.org/memoizee/-/memoizee-0.3.10.tgz",
      "integrity": "sha1-TsoNiu057J0Bf0xcLy9kMvQuXI8=",
      "requires": {
        "d": "~0.1.1",
        "es5-ext": "~0.10.11",
        "es6-weak-map": "~0.1.4",
        "event-emitter": "~0.3.4",
        "lru-queue": "0.1",
        "next-tick": "~0.2.2",
        "timers-ext": "0.1"
      },
      "dependencies": {
        "next-tick": {
          "version": "0.2.2",
          "resolved": "https://registry.npmjs.org/next-tick/-/next-tick-0.2.2.tgz",
          "integrity": "sha1-ddpKkn7liH45BliABltzNkE7MQ0="
        }
      }
    },
    "next-tick": {
      "version": "1.0.0",
      "resolved": "https://registry.npmjs.org/next-tick/-/next-tick-1.0.0.tgz",
      "integrity": "sha1-yobR/ogoFpsBICCOPchCS524NCw="
    },
    "ololog": {
      "version": "1.1.131",
      "resolved": "https://registry.npmjs.org/ololog/-/ololog-1.1.131.tgz",
      "integrity": "sha512-l62atr1pPMX2A6U4UV6212hHbk8Ht8bn1NHfjyy1Jv0cAsybe7O/AvWaQZ1FlGV0vQVVPz8kcTkl08AwjpF/uw==",
      "requires": {
        "ansicolor": "^1.1.84",
        "pipez": "^1.1.12",
        "printable-characters": "^1.0.42",
        "stacktracey": "^1.2.112",
        "string.bullet": "^1.0.12",
        "string.ify": "^1.0.57"
      }
    },
    "pipez": {
      "version": "1.1.12",
      "resolved": "https://registry.npmjs.org/pipez/-/pipez-1.1.12.tgz",
      "integrity": "sha1-s1nOVAHpNfEp+koJT83omvuENtg="
    },
    "printable-characters": {
      "version": "1.0.42",
      "resolved": "https://registry.npmjs.org/printable-characters/-/printable-characters-1.0.42.tgz",
      "integrity": "sha1-Pxjpd6m9jrN/zE/1ZZ176Qhos9g="
    },
    "progress-string": {
      "version": "1.2.2",
      "resolved": "https://registry.npmjs.org/progress-string/-/progress-string-1.2.2.tgz",
      "integrity": "sha512-JymvIR4IJ0qTyma7ExefBeJGp2IGaXYGWv8Z//Jq+AhrCd0uKlMPK9IWJ0LL6zbXbAN8fhLe1TL1hl1ZKOljDw=="
    },
    "source-map": {
      "version": "0.6.1",
      "resolved": "https://registry.npmjs.org/source-map/-/source-map-0.6.1.tgz",
      "integrity": "sha512-UjgapumWlbMhkBgzT7Ykc5YXUT46F0iKu8SGXq0bcwP5dz/h0Plj6enJqjz1Zbq2l5WaqYnrVbwWOWMyF3F47g=="
    },
    "stacktracey": {
      "version": "1.2.112",
      "resolved": "https://registry.npmjs.org/stacktracey/-/stacktracey-1.2.112.tgz",
      "integrity": "sha512-sdToNahkjEyqBhpb6GJ5zf5d6pHW491NQt4lONP68D8MPd9iYpacUTojOOcdeEPcCeuBP2mfOSzKDQHpulZi7A==",
      "requires": {
        "as-table": "^1.0.36",
        "get-source": "^1.0.34"
      }
    },
    "string.bullet": {
      "version": "1.0.12",
      "resolved": "https://registry.npmjs.org/string.bullet/-/string.bullet-1.0.12.tgz",
      "integrity": "sha1-tB/EF4UKV+QEK/PPNHtu7iV+4lM=",
      "requires": {
        "printable-characters": "^1.0.26"
      }
    },
    "string.ify": {
      "version": "1.0.58",
      "resolved": "https://registry.npmjs.org/string.ify/-/string.ify-1.0.58.tgz",
      "integrity": "sha512-WmwVgmAZxcfjjBeKJKYDYjVc84dpugQErLcQzkgNFYCwyP/zepBiZZsY9ZDdbOVahfDXIM86z6gfvFTHm0iEdw==",
      "requires": {
        "printable-characters": "^1.0.42",
        "string.bullet": "^1.0.12"
      }
    },
    "timers-ext": {
      "version": "0.1.7",
      "resolved": "https://registry.npmjs.org/timers-ext/-/timers-ext-0.1.7.tgz",
      "integrity": "sha512-b85NUNzTSdodShTIbky6ZF02e8STtVVfD+fu4aXXShEELpozH+bCpJLYMPZbsABN2wDH7fJpqIoXxJpzbf0NqQ==",
      "requires": {
        "es5-ext": "~0.10.46",
        "next-tick": "1"
      }
    },
    "type": {
      "version": "1.0.1",
      "resolved": "https://registry.npmjs.org/type/-/type-1.0.1.tgz",
      "integrity": "sha512-MAM5dBMJCJNKs9E7JXo4CXRAansRfG0nlJxW7Wf6GZzSOvH31zClSaHdIMWLehe/EGMBkqeC55rrkaOr5Oo7Nw=="
    }
  }
}
