{
  "name": "log-with-statusbar",
  "version": "1.1.15",
  "lockfileVersion": 1,
  "requires": true,
  "dependencies": {
    "@types/node": {
      "version": "8.10.49",
      "resolved": "https://registry.npmjs.org/@types/node/-/node-8.10.49.tgz",
      "integrity": "sha512-YX30JVx0PvSmJ3Eqr74fYLGeBxD+C7vIL20ek+GGGLJeUbVYRUW3EzyAXpIRA0K8c8o0UWqR/GwEFYiFoz1T8w=="
    },
    "ansi": {
      "version": "0.3.1",
      "resolved": "https://registry.npmjs.org/ansi/-/ansi-0.3.1.tgz",
      "integrity": "sha1-DELU+xcWDVqa8eSEus4cZpIsGyE="
    },
    "ansicolor": {
      "version": "1.1.89",
      "resolved": "https://registry.npmjs.org/ansicolor/-/ansicolor-1.1.89.tgz",
      "integrity": "sha512-W0f5aCyETrOVxQ3QID2jkhyJV0qWFazSGmwHgKu8CoEcUEnlBPdvUOziS13ci025s961l+DF+SSXbGZSD3LxJA=="
    },
    "as-table": {
      "version": "1.0.52",
      "resolved": "https://registry.npmjs.org/as-table/-/as-table-1.0.52.tgz",
      "integrity": "sha512-Lw3OjVL9BDGSrU6RoK5aTm79SnrDY0Zvucxc+oOTqZrC2Sw575IhkOTPtvpzviliL/WJaCSWzJdKFdYeI+8wFg==",
      "requires": {
        "printable-characters": "^1.0.42"
      }
    },
    "data-uri-to-buffer": {
      "version": "2.0.1",
      "resolved": "https://registry.npmjs.org/data-uri-to-buffer/-/data-uri-to-buffer-2.0.1.tgz",
      "integrity": "sha512-OkVVLrerfAKZlW2ZZ3Ve2y65jgiWqBKsTfUIAFbn8nVbPcCZg6l6gikKlEYv0kXcmzqGm6mFq/Jf2vriuEkv8A==",
      "requires": {
        "@types/node": "^8.0.7"
      }
    },
    "get-cursor-position": {
      "version": "git+https://github.com/ourarash/get-cursor-position.git#cbdc2edaa293d256bda4b298f7bb52f0a920ee55",
      "from": "git+https://github.com/ourarash/get-cursor-position.git"
    },
    "get-source": {
      "version": "1.0.37",
      "resolved": "https://registry.npmjs.org/get-source/-/get-source-1.0.37.tgz",
      "integrity": "sha512-Q0YbhnCgvqFe3OTuxkNvWCM+22O4hkx7D0g8em7iFW4vmw/TiX8dhsFIaP6yRkyN9ETHgzU190L3keCg2MADtg==",
      "requires": {
        "data-uri-to-buffer": "^2.0.0",
        "source-map": "^0.6.1"
      }
    },
    "keypress": {
      "version": "0.2.1",
      "resolved": "https://registry.npmjs.org/keypress/-/keypress-0.2.1.tgz",
      "integrity": "sha1-HoBFQlABjbrUw/6USX1uZ7YmnHc="
    },
    "ololog": {
      "version": "1.1.131",
      "resolved": "https://registry.npmjs.org/ololog/-/ololog-1.1.131.tgz",
      "integrity": "sha512-l62atr1pPMX2A6U4UV6212hHbk8Ht8bn1NHfjyy1Jv0cAsybe7O/AvWaQZ1FlGV0vQVVPz8kcTkl08AwjpF/uw==",
      "requires": {
        "ansicolor": "^1.1.84",
        "pipez": "^1.1.12",
        "printable-characters": "^1.0.42",
        "stacktracey": "^1.2.112",
        "string.bullet": "^1.0.12",
        "string.ify": "^1.0.57"
      }
    },
    "pipez": {
      "version": "1.1.12",
      "resolved": "https://registry.npmjs.org/pipez/-/pipez-1.1.12.tgz",
      "integrity": "sha1-s1nOVAHpNfEp+koJT83omvuENtg="
    },
    "printable-characters": {
      "version": "1.0.42",
      "resolved": "https://registry.npmjs.org/printable-characters/-/printable-characters-1.0.42.tgz",
      "integrity": "sha1-Pxjpd6m9jrN/zE/1ZZ176Qhos9g="
    },
    "progress-string": {
      "version": "1.2.2",
      "resolved": "https://registry.npmjs.org/progress-string/-/progress-string-1.2.2.tgz",
      "integrity": "sha512-JymvIR4IJ0qTyma7ExefBeJGp2IGaXYGWv8Z//Jq+AhrCd0uKlMPK9IWJ0LL6zbXbAN8fhLe1TL1hl1ZKOljDw=="
    },
    "source-map": {
      "version": "0.6.1",
      "resolved": "https://registry.npmjs.org/source-map/-/source-map-0.6.1.tgz",
      "integrity": "sha512-UjgapumWlbMhkBgzT7Ykc5YXUT46F0iKu8SGXq0bcwP5dz/h0Plj6enJqjz1Zbq2l5WaqYnrVbwWOWMyF3F47g=="
    },
    "stacktracey": {
      "version": "1.2.112",
      "resolved": "https://registry.npmjs.org/stacktracey/-/stacktracey-1.2.112.tgz",
      "integrity": "sha512-sdToNahkjEyqBhpb6GJ5zf5d6pHW491NQt4lONP68D8MPd9iYpacUTojOOcdeEPcCeuBP2mfOSzKDQHpulZi7A==",
      "requires": {
        "as-table": "^1.0.36",
        "get-source": "^1.0.34"
      }
    },
    "string.bullet": {
      "version": "1.0.12",
      "resolved": "https://registry.npmjs.org/string.bullet/-/string.bullet-1.0.12.tgz",
      "integrity": "sha1-tB/EF4UKV+QEK/PPNHtu7iV+4lM=",
      "requires": {
        "printable-characters": "^1.0.26"
      }
    },
    "string.ify": {
      "version": "1.0.58",
      "resolved": "https://registry.npmjs.org/string.ify/-/string.ify-1.0.58.tgz",
      "integrity": "sha512-WmwVgmAZxcfjjBeKJKYDYjVc84dpugQErLcQzkgNFYCwyP/zepBiZZsY9ZDdbOVahfDXIM86z6gfvFTHm0iEdw==",
      "requires": {
        "printable-characters": "^1.0.42",
        "string.bullet": "^1.0.12"
      }
    }
  }
}
